{
  "name": "typhon-webapp",
  "version": "0.0.1",
  "lockfileVersion": 3,
  "requires": true,
  "packages": {
    "": {
      "name": "typhon-webapp",
      "version": "0.0.1",
      "license": "AGPL-3.0",
      "dependencies": {
        "@fontsource/jetbrains-mono": "^4.5.8",
        "@fontsource/roboto": "^4.5.8"
      }
    },
    "node_modules/@fontsource/jetbrains-mono": {
      "version": "4.5.12",
      "resolved": "https://registry.npmjs.org/@fontsource/jetbrains-mono/-/jetbrains-mono-4.5.12.tgz",
      "integrity": "sha512-LJF1ala1/u+wXZmESFqIk08FA9yGX4/uAAleCHmXUMgEjvNAYFHUQQ7eK5hQQoBOwh99cU5suTrqYqEkgzwzPA=="
    },
    "node_modules/@fontsource/roboto": {
      "version": "4.5.8",
      "resolved": "https://registry.npmjs.org/@fontsource/roboto/-/roboto-4.5.8.tgz",
      "integrity": "sha512-CnD7zLItIzt86q4Sj3kZUiLcBk1dSk81qcqgMGaZe7SQ1P8hFNxhMl5AZthK1zrDM5m74VVhaOpuMGIL4gagaA=="
    }
  }
}
