{
  "name": "typhon-webapp",
  "version": "0.0.1",
  "lockfileVersion": 3,
  "requires": true,
  "packages": {
    "": {
      "name": "typhon-webapp",
      "version": "0.0.1",
      "license": "AGPL-3.0",
      "dependencies": {
        "@fontsource/jetbrains-mono": "^5.1.0",
        "@fontsource/roboto": "^5.1.0"
      }
    },
    "node_modules/@fontsource/jetbrains-mono": {
      "version": "5.1.0",
      "resolved": "https://registry.npmjs.org/@fontsource/jetbrains-mono/-/jetbrains-mono-5.1.0.tgz",
      "integrity": "sha512-YzWpGYY3PoqvmvwW2Hb4NwkN5C7LO0FmZugEGcFe6cNNE/cMgH9JhW5LI6hjG+1+nwgSHyJtKmblHNrUqlyhWg=="
    },
    "node_modules/@fontsource/roboto": {
      "version": "5.1.0",
      "resolved": "https://registry.npmjs.org/@fontsource/roboto/-/roboto-5.1.0.tgz",
      "integrity": "sha512-cFRRC1s6RqPygeZ8Uw/acwVHqih8Czjt6Q0MwoUoDe9U3m4dH1HmNDRBZyqlMSFwgNAUKgFImncKdmDHyKpwdg=="
    }
  }
}
