{
  "name": "typhon-webapp",
  "version": "0.0.1",
  "lockfileVersion": 3,
  "requires": true,
  "packages": {
    "": {
      "name": "typhon-webapp",
      "version": "0.0.1",
      "license": "AGPL-3.0",
      "dependencies": {
        "@fontsource/jetbrains-mono": "^5.0.20",
        "@fontsource/roboto": "^5.0.13"
      }
    },
    "node_modules/@fontsource/jetbrains-mono": {
      "version": "5.0.20",
      "resolved": "https://registry.npmjs.org/@fontsource/jetbrains-mono/-/jetbrains-mono-5.0.20.tgz",
      "integrity": "sha512-QkrihYWqftzs+04TinulIhnFqNwO6990HR07iCUae/6daOZAMy7urUPzytrRT9M8KLTTHBeHOY0CKqOs1+o2OQ=="
    },
    "node_modules/@fontsource/roboto": {
      "version": "5.0.13",
      "resolved": "https://registry.npmjs.org/@fontsource/roboto/-/roboto-5.0.13.tgz",
      "integrity": "sha512-j61DHjsdUCKMXSdNLTOxcG701FWnF0jcqNNQi2iPCDxU8seN/sMxeh62dC++UiagCWq9ghTypX+Pcy7kX+QOeQ=="
    }
  }
}
